{
  "nodes": {
    "flake-parts": {
      "inputs": {
        "nixpkgs-lib": "nixpkgs-lib"
      },
      "locked": {
        "lastModified": 1768135262,
        "narHash": "sha256-PVvu7OqHBGWN16zSi6tEmPwwHQ4rLPU9Plvs8/1TUBY=",
        "owner": "hercules-ci",
        "repo": "flake-parts",
        "rev": "80daad04eddbbf5a4d883996a73f3f542fa437ac",
        "type": "github"
      },
      "original": {
        "owner": "hercules-ci",
        "repo": "flake-parts",
        "type": "github"
      }
    },
    "nixpkgs": {
      "locked": {
        "lastModified": 1770197578,
        "narHash": "sha256-AYqlWrX09+HvGs8zM6ebZ1pwUqjkfpnv8mewYwAo+iM=",
        "owner": "NixOS",
        "repo": "nixpkgs",
        "rev": "00c21e4c93d963c50d4c0c89bfa84ed6e0694df2",
        "type": "github"
      },
      "original": {
        "owner": "NixOS",
        "ref": "nixos-unstable",
        "repo": "nixpkgs",
        "type": "github"
      }
    },
    "nixpkgs-lib": {
      "locked": {
        "lastModified": 1765674936,
        "narHash": "sha256-k00uTP4JNfmejrCLJOwdObYC9jHRrr/5M/a/8L2EIdo=",
        "owner": "nix-community",
        "repo": "nixpkgs.lib",
        "rev": "2075416fcb47225d9b68ac469a5c4801a9c4dd85",
        "type": "github"
      },
      "original": {
        "owner": "nix-community",
        "repo": "nixpkgs.lib",
        "type": "github"
      }
    },
    "nixpkgs-swift62": {
      "locked": {
        "lastModified": 1770436476,
        "narHash": "sha256-xAHHD48gRuxRFT0At6YROk9WB0YXuI563Ef8xUrSblc=",
        "owner": "reckenrode",
        "repo": "nixpkgs",
        "rev": "e4e5023ec87af4668c93273b885fc42485f87edf",
        "type": "github"
      },
      "original": {
        "owner": "reckenrode",
        "ref": "swift-update-mk2",
        "repo": "nixpkgs",
        "type": "github"
      }
    },
    "nixpkgs-swiftpm2nix-v7": {
      "locked": {
        "lastModified": 1749358346,
        "narHash": "sha256-gxY991zju9Qph329Gvl+TqJioGiQfW/E18DKay8LJK4=",
        "owner": "bryango",
        "repo": "nixpkgs",
        "rev": "cc11088180a698f24261fb3e135a395841ed559a",
        "type": "github"
      },
      "original": {
        "owner": "bryango",
        "repo": "nixpkgs",
        "rev": "cc11088180a698f24261fb3e135a395841ed559a",
        "type": "github"
      }
    },
    "root": {
      "inputs": {
        "flake-parts": "flake-parts",
        "nixpkgs": "nixpkgs",
        "nixpkgs-swift62": "nixpkgs-swift62",
        "nixpkgs-swiftpm2nix-v7": "nixpkgs-swiftpm2nix-v7"
      }
    }
  },
  "root": "root",
  "version": 7
}
